
Microsoft Visual Studio Solution File, Format Version 11.00
# Visual Studio 2010
Project("{FAE04EC0-301F-11D3-BF4B-00C04F79EFBC}") = "ScrapDroids_Main", "Assembly-CSharp.csproj", "{B2DF7528-9143-85CC-2C35-544072D46443}"
EndProject
Project("{FAE04EC0-301F-11D3-BF4B-00C04F79EFBC}") = "ScrapDroids_Main", "Assembly-CSharp-Editor.csproj", "{EDE437EA-C06D-B65C-C39E-4DA5A8D39225}"
EndProject
Global
	GlobalSection(SolutionConfigurationPlatforms) = preSolution
		Debug|Any CPU = Debug|Any CPU
		Release|Any CPU = Release|Any CPU
	EndGlobalSection
	GlobalSection(ProjectConfigurationPlatforms) = postSolution
		{B2DF7528-9143-85CC-2C35-544072D46443}.Debug|Any CPU.ActiveCfg = Debug|Any CPU
		{B2DF7528-9143-85CC-2C35-544072D46443}.Debug|Any CPU.Build.0 = Debug|Any CPU
		{B2DF7528-9143-85CC-2C35-544072D46443}.Release|Any CPU.ActiveCfg = Release|Any CPU
		{B2DF7528-9143-85CC-2C35-544072D46443}.Release|Any CPU.Build.0 = Release|Any CPU
		{EDE437EA-C06D-B65C-C39E-4DA5A8D39225}.Debug|Any CPU.ActiveCfg = Debug|Any CPU
		{EDE437EA-C06D-B65C-C39E-4DA5A8D39225}.Debug|Any CPU.Build.0 = Debug|Any CPU
		{EDE437EA-C06D-B65C-C39E-4DA5A8D39225}.Release|Any CPU.ActiveCfg = Release|Any CPU
		{EDE437EA-C06D-B65C-C39E-4DA5A8D39225}.Release|Any CPU.Build.0 = Release|Any CPU
	EndGlobalSection
	GlobalSection(SolutionProperties) = preSolution
		HideSolutionNode = FALSE
	EndGlobalSection
	GlobalSection(MonoDevelopProperties) = preSolution
		StartupItem = Assembly-CSharp.csproj
	EndGlobalSection
EndGlobal
